Microsoft Visual Studio Solution File, Format Version 12.00
# Visual Studio Version 17
VisualStudioVersion = 17.4.33110.190
MinimumVisualStudioVersion = 10.0.40219.1
Project("{FAE04EC0-301F-11D3-BF4B-00C04F79EFBC}") = "RealmsForgotten", "RealmsForgotten.csproj", "{0A021D5B-3DC5-49A0-9F16-4520730BCB76}"
EndProject
Global
	GlobalSection(SolutionConfigurationPlatforms) = preSolution
		Debug|Any CPU = Debug|Any CPU
		Release|Any CPU = Release|Any CPU
	EndGlobalSection
	GlobalSection(ProjectConfigurationPlatforms) = postSolution
		{0A021D5B-3DC5-49A0-9F16-4520730BCB76}.Debug|Any CPU.ActiveCfg = Debug|Any CPU
		{0A021D5B-3DC5-49A0-9F16-4520730BCB76}.Debug|Any CPU.Build.0 = Debug|Any CPU
		{0A021D5B-3DC5-49A0-9F16-4520730BCB76}.Release|Any CPU.ActiveCfg = Release|Any CPU
		{0A021D5B-3DC5-49A0-9F16-4520730BCB76}.Release|Any CPU.Build.0 = Release|Any CPU
	EndGlobalSection
	GlobalSection(SolutionProperties) = preSolution
		HideSolutionNode = FALSE
	EndGlobalSection
	GlobalSection(ExtensibilityGlobals) = postSolution
		SolutionGuid = {F573430B-0668-4D5C-936D-0CD0B0765CB4}
	EndGlobalSection
EndGlobal
